
Microsoft Visual Studio Solution File, Format Version 12.00
# Visual Studio 15
VisualStudioVersion = 15.0.34729.27
MinimumVisualStudioVersion = 10.0.40219.1
Project("{FAE04EC0-301F-11D3-BF4B-00C04F79EFBC}") = "练习文件", "练习文件\练习文件.csproj", "{2710C9D4-BCFC-4107-A39F-9CA248666129}"
EndProject
Project("{FAE04EC0-301F-11D3-BF4B-00C04F79EFBC}") = "ConsoleApp1", "ConsoleApp1\ConsoleApp1.csproj", "{1A03E64B-70E6-443F-BB55-273E977411C9}"
EndProject
Global
	GlobalSection(SolutionConfigurationPlatforms) = preSolution
		Debug|Any CPU = Debug|Any CPU
		Release|Any CPU = Release|Any CPU
	EndGlobalSection
	GlobalSection(ProjectConfigurationPlatforms) = postSolution
		{2710C9D4-BCFC-4107-A39F-9CA248666129}.Debug|Any CPU.ActiveCfg = Debug|Any CPU
		{2710C9D4-BCFC-4107-A39F-9CA248666129}.Debug|Any CPU.Build.0 = Debug|Any CPU
		{2710C9D4-BCFC-4107-A39F-9CA248666129}.Release|Any CPU.ActiveCfg = Release|Any CPU
		{2710C9D4-BCFC-4107-A39F-9CA248666129}.Release|Any CPU.Build.0 = Release|Any CPU
		{1A03E64B-70E6-443F-BB55-273E977411C9}.Debug|Any CPU.ActiveCfg = Debug|Any CPU
		{1A03E64B-70E6-443F-BB55-273E977411C9}.Debug|Any CPU.Build.0 = Debug|Any CPU
		{1A03E64B-70E6-443F-BB55-273E977411C9}.Release|Any CPU.ActiveCfg = Release|Any CPU
		{1A03E64B-70E6-443F-BB55-273E977411C9}.Release|Any CPU.Build.0 = Release|Any CPU
	EndGlobalSection
	GlobalSection(SolutionProperties) = preSolution
		HideSolutionNode = FALSE
	EndGlobalSection
	GlobalSection(ExtensibilityGlobals) = postSolution
		SolutionGuid = {F2F09E5D-092E-4F46-B0F3-23B471E72243}
	EndGlobalSection
EndGlobal
